
Microsoft Visual Studio Solution File, Format Version 12.00
# Visual Studio Version 16
VisualStudioVersion = 16.0.32106.194
MinimumVisualStudioVersion = 10.0.40219.1
Project("{FAE04EC0-301F-11D3-BF4B-00C04F79EFBC}") = "CustomMaps", "CustomMaps.csproj", "{F66CDE08-5932-4513-94E5-5DF52BAEE1C1}"
EndProject
Global
	GlobalSection(SolutionConfigurationPlatforms) = preSolution
		Debug|Any CPU = Debug|Any CPU
		Release|Any CPU = Release|Any CPU
	EndGlobalSection
	GlobalSection(ProjectConfigurationPlatforms) = postSolution
		{F66CDE08-5932-4513-94E5-5DF52BAEE1C1}.Debug|Any CPU.ActiveCfg = Debug|Any CPU
		{F66CDE08-5932-4513-94E5-5DF52BAEE1C1}.Debug|Any CPU.Build.0 = Debug|Any CPU
		{F66CDE08-5932-4513-94E5-5DF52BAEE1C1}.Release|Any CPU.ActiveCfg = Release|Any CPU
		{F66CDE08-5932-4513-94E5-5DF52BAEE1C1}.Release|Any CPU.Build.0 = Release|Any CPU
	EndGlobalSection
	GlobalSection(SolutionProperties) = preSolution
		HideSolutionNode = FALSE
	EndGlobalSection
	GlobalSection(ExtensibilityGlobals) = postSolution
		SolutionGuid = {B2A3AB2F-6079-4A5A-ADFF-677A8EC06D9B}
	EndGlobalSection
EndGlobal
